// !$*UTF8*$!
{
	archiveVersion = 1;
	classes = {
	};
	objectVersion = 46;
	objects = {

/* Begin PBXBuildFile section */
		5506E9EA1C527B6300F1E7B6 /* MLPAutoCompleteTextField.m in Sources */ = {isa = PBXBuildFile; fileRef = 5506E9E41C527B6300F1E7B6 /* MLPAutoCompleteTextField.m */; };
		5506E9EB1C527B6300F1E7B6 /* NSString+Levenshtein.m in Sources */ = {isa = PBXBuildFile; fileRef = 5506E9E91C527B6300F1E7B6 /* NSString+Levenshtein.m */; };
		552AC9B91C5314A000843EFA /* DataSource.m in Sources */ = {isa = PBXBuildFile; fileRef = 552AC9B81C5314A000843EFA /* DataSource.m */; };
		552AC9BB1C5315BD00843EFA /* station.plist in Resources */ = {isa = PBXBuildFile; fileRef = 552AC9BA1C5315BD00843EFA /* station.plist */; };
		558A1FE71C5DBD9000757644 /* MapKit.framework in Frameworks */ = {isa = PBXBuildFile; fileRef = 558A1FE61C5DBD9000757644 /* MapKit.framework */; };
		558A1FE91C5E422600757644 /* Accelerate.framework in Frameworks */ = {isa = PBXBuildFile; fileRef = 558A1FE81C5E422600757644 /* Accelerate.framework */; };
		558A1FEE1C5E468D00757644 /* JCAlertView.bundle in Resources */ = {isa = PBXBuildFile; fileRef = 558A1FEB1C5E468D00757644 /* JCAlertView.bundle */; };
		558A1FEF1C5E468D00757644 /* JCAlertView.m in Sources */ = {isa = PBXBuildFile; fileRef = 558A1FED1C5E468D00757644 /* JCAlertView.m */; };
		55D4C6FF1C54C0F6004EEC64 /* btn_search@2x.png in Resources */ = {isa = PBXBuildFile; fileRef = 55D4C6FE1C54C0F6004EEC64 /* btn_search@2x.png */; };
		55D4C7031C54C718004EEC64 /* DBManager.m in Sources */ = {isa = PBXBuildFile; fileRef = 55D4C7021C54C718004EEC64 /* DBManager.m */; };
		55D4C7051C54CCBB004EEC64 /* libsqlite3.tbd in Frameworks */ = {isa = PBXBuildFile; fileRef = 55D4C7041C54CCBB004EEC64 /* libsqlite3.tbd */; };
		55D4C7131C54CD05004EEC64 /* FMDatabase.m in Sources */ = {isa = PBXBuildFile; fileRef = 55D4C7081C54CD05004EEC64 /* FMDatabase.m */; };
		55D4C7141C54CD05004EEC64 /* FMDatabaseAdditions.m in Sources */ = {isa = PBXBuildFile; fileRef = 55D4C70A1C54CD05004EEC64 /* FMDatabaseAdditions.m */; };
		55D4C7151C54CD05004EEC64 /* FMDatabasePool.m in Sources */ = {isa = PBXBuildFile; fileRef = 55D4C70C1C54CD05004EEC64 /* FMDatabasePool.m */; };
		55D4C7161C54CD05004EEC64 /* FMDatabaseQueue.m in Sources */ = {isa = PBXBuildFile; fileRef = 55D4C70E1C54CD05004EEC64 /* FMDatabaseQueue.m */; };
		55D4C7171C54CD05004EEC64 /* FMResultSet.m in Sources */ = {isa = PBXBuildFile; fileRef = 55D4C7111C54CD05004EEC64 /* FMResultSet.m */; };
		55D4C7181C54CD05004EEC64 /* Info.plist in Resources */ = {isa = PBXBuildFile; fileRef = 55D4C7121C54CD05004EEC64 /* Info.plist */; };
		55D4C7191C550489004EEC64 /* main.m in Sources */ = {isa = PBXBuildFile; fileRef = CE6F0F9A1C4F5AC200D69EF1 /* main.m */; };
		55EA48A61C5D098800B00080 /* UIView+Toast.m in Sources */ = {isa = PBXBuildFile; fileRef = 55EA48A51C5D098800B00080 /* UIView+Toast.m */; };
		55EA48AF1C5D0F4200B00080 /* fail@2x.jpg in Resources */ = {isa = PBXBuildFile; fileRef = 55EA48AC1C5D0F4200B00080 /* fail@2x.jpg */; };
		55EA48B11C5D0F4200B00080 /* sucess@2x.jpg in Resources */ = {isa = PBXBuildFile; fileRef = 55EA48AE1C5D0F4200B00080 /* sucess@2x.jpg */; };
		55EA48B51C5D110600B00080 /* home@2x.png in Resources */ = {isa = PBXBuildFile; fileRef = 55EA48B41C5D110600B00080 /* home@2x.png */; };
		55EA48B71C5D115600B00080 /* home@2x.jpg in Resources */ = {isa = PBXBuildFile; fileRef = 55EA48B61C5D115600B00080 /* home@2x.jpg */; };
		55EA48B91C5D13D200B00080 /* AudioToolbox.framework in Frameworks */ = {isa = PBXBuildFile; fileRef = 55EA48B81C5D13D200B00080 /* AudioToolbox.framework */; };
		55EA48BC1C5D13F700B00080 /* AppUtility.m in Sources */ = {isa = PBXBuildFile; fileRef = 55EA48BB1C5D13F700B00080 /* AppUtility.m */; };
		CE69E8691C5F196500A730BE /* Stations.csv in Resources */ = {isa = PBXBuildFile; fileRef = CE69E8681C5F196500A730BE /* Stations.csv */; };
		CE69E86B1C5F197500A730BE /* station.db in Resources */ = {isa = PBXBuildFile; fileRef = CE69E86A1C5F197500A730BE /* station.db */; };
		CE6F0F9E1C4F5AC200D69EF1 /* AppDelegate.m in Sources */ = {isa = PBXBuildFile; fileRef = CE6F0F9D1C4F5AC200D69EF1 /* AppDelegate.m */; };
		CE6F0FA11C4F5AC200D69EF1 /* SearchViewController.m in Sources */ = {isa = PBXBuildFile; fileRef = CE6F0FA01C4F5AC200D69EF1 /* SearchViewController.m */; };
		CE6F0FA61C4F5AC200D69EF1 /* Assets.xcassets in Resources */ = {isa = PBXBuildFile; fileRef = CE6F0FA51C4F5AC200D69EF1 /* Assets.xcassets */; };
		CE6FF8FC1C5B66B000708998 /* AppConstants.m in Sources */ = {isa = PBXBuildFile; fileRef = CE6FF8FB1C5B66B000708998 /* AppConstants.m */; };
		CE784F521C59F6FC006F7F1C /* CoreLocation.framework in Frameworks */ = {isa = PBXBuildFile; fileRef = CE784F511C59F6FC006F7F1C /* CoreLocation.framework */; };
		CE784F571C5A190C006F7F1C /* StationViewController.m in Sources */ = {isa = PBXBuildFile; fileRef = CE784F561C5A190C006F7F1C /* StationViewController.m */; };
		CE784F5B1C5A1CD2006F7F1C /* StationCell.m in Sources */ = {isa = PBXBuildFile; fileRef = CE784F5A1C5A1CD2006F7F1C /* StationCell.m */; };
/* End PBXBuildFile section */

/* Begin PBXFileReference section */
		5506E9E31C527B6300F1E7B6 /* MLPAutoCompleteTextField.h */ = {isa = PBXFileReference; fileEncoding = 4; lastKnownFileType = sourcecode.c.h; path = MLPAutoCompleteTextField.h; sourceTree = "<group>"; };
		5506E9E41C527B6300F1E7B6 /* MLPAutoCompleteTextField.m */ = {isa = PBXFileReference; fileEncoding = 4; lastKnownFileType = sourcecode.c.objc; path = MLPAutoCompleteTextField.m; sourceTree = "<group>"; };
		5506E9E51C527B6300F1E7B6 /* MLPAutoCompleteTextFieldDataSource.h */ = {isa = PBXFileReference; fileEncoding = 4; lastKnownFileType = sourcecode.c.h; path = MLPAutoCompleteTextFieldDataSource.h; sourceTree = "<group>"; };
		5506E9E61C527B6300F1E7B6 /* MLPAutoCompleteTextFieldDelegate.h */ = {isa = PBXFileReference; fileEncoding = 4; lastKnownFileType = sourcecode.c.h; path = MLPAutoCompleteTextFieldDelegate.h; sourceTree = "<group>"; };
		5506E9E71C527B6300F1E7B6 /* MLPAutoCompletionObject.h */ = {isa = PBXFileReference; fileEncoding = 4; lastKnownFileType = sourcecode.c.h; path = MLPAutoCompletionObject.h; sourceTree = "<group>"; };
		5506E9E81C527B6300F1E7B6 /* NSString+Levenshtein.h */ = {isa = PBXFileReference; fileEncoding = 4; lastKnownFileType = sourcecode.c.h; path = "NSString+Levenshtein.h"; sourceTree = "<group>"; };
		5506E9E91C527B6300F1E7B6 /* NSString+Levenshtein.m */ = {isa = PBXFileReference; fileEncoding = 4; lastKnownFileType = sourcecode.c.objc; path = "NSString+Levenshtein.m"; sourceTree = "<group>"; };
		552AC9B71C5314A000843EFA /* DataSource.h */ = {isa = PBXFileReference; fileEncoding = 4; lastKnownFileType = sourcecode.c.h; path = DataSource.h; sourceTree = "<group>"; };
		552AC9B81C5314A000843EFA /* DataSource.m */ = {isa = PBXFileReference; fileEncoding = 4; lastKnownFileType = sourcecode.c.objc; path = DataSource.m; sourceTree = "<group>"; };
		552AC9BA1C5315BD00843EFA /* station.plist */ = {isa = PBXFileReference; fileEncoding = 4; lastKnownFileType = text.plist.xml; path = station.plist; sourceTree = "<group>"; };
		558A1FE61C5DBD9000757644 /* MapKit.framework */ = {isa = PBXFileReference; lastKnownFileType = wrapper.framework; name = MapKit.framework; path = System/Library/Frameworks/MapKit.framework; sourceTree = SDKROOT; };
		558A1FE81C5E422600757644 /* Accelerate.framework */ = {isa = PBXFileReference; lastKnownFileType = wrapper.framework; name = Accelerate.framework; path = System/Library/Frameworks/Accelerate.framework; sourceTree = SDKROOT; };
		558A1FEB1C5E468D00757644 /* JCAlertView.bundle */ = {isa = PBXFileReference; lastKnownFileType = "wrapper.plug-in"; path = JCAlertView.bundle; sourceTree = "<group>"; };
		558A1FEC1C5E468D00757644 /* JCAlertView.h */ = {isa = PBXFileReference; fileEncoding = 4; lastKnownFileType = sourcecode.c.h; path = JCAlertView.h; sourceTree = "<group>"; };
		558A1FED1C5E468D00757644 /* JCAlertView.m */ = {isa = PBXFileReference; fileEncoding = 4; lastKnownFileType = sourcecode.c.objc; path = JCAlertView.m; sourceTree = "<group>"; };
		55D4C6FE1C54C0F6004EEC64 /* btn_search@2x.png */ = {isa = PBXFileReference; lastKnownFileType = image.png; path = "btn_search@2x.png"; sourceTree = "<group>"; };
		55D4C7011C54C718004EEC64 /* DBManager.h */ = {isa = PBXFileReference; fileEncoding = 4; lastKnownFileType = sourcecode.c.h; path = DBManager.h; sourceTree = "<group>"; };
		55D4C7021C54C718004EEC64 /* DBManager.m */ = {isa = PBXFileReference; fileEncoding = 4; lastKnownFileType = sourcecode.c.objc; path = DBManager.m; sourceTree = "<group>"; };
		55D4C7041C54CCBB004EEC64 /* libsqlite3.tbd */ = {isa = PBXFileReference; lastKnownFileType = "sourcecode.text-based-dylib-definition"; name = libsqlite3.tbd; path = usr/lib/libsqlite3.tbd; sourceTree = SDKROOT; };
		55D4C7071C54CD05004EEC64 /* FMDatabase.h */ = {isa = PBXFileReference; fileEncoding = 4; lastKnownFileType = sourcecode.c.h; path = FMDatabase.h; sourceTree = "<group>"; };
		55D4C7081C54CD05004EEC64 /* FMDatabase.m */ = {isa = PBXFileReference; fileEncoding = 4; lastKnownFileType = sourcecode.c.objc; path = FMDatabase.m; sourceTree = "<group>"; };
		55D4C7091C54CD05004EEC64 /* FMDatabaseAdditions.h */ = {isa = PBXFileReference; fileEncoding = 4; lastKnownFileType = sourcecode.c.h; path = FMDatabaseAdditions.h; sourceTree = "<group>"; };
		55D4C70A1C54CD05004EEC64 /* FMDatabaseAdditions.m */ = {isa = PBXFileReference; fileEncoding = 4; lastKnownFileType = sourcecode.c.objc; path = FMDatabaseAdditions.m; sourceTree = "<group>"; };
		55D4C70B1C54CD05004EEC64 /* FMDatabasePool.h */ = {isa = PBXFileReference; fileEncoding = 4; lastKnownFileType = sourcecode.c.h; path = FMDatabasePool.h; sourceTree = "<group>"; };
		55D4C70C1C54CD05004EEC64 /* FMDatabasePool.m */ = {isa = PBXFileReference; fileEncoding = 4; lastKnownFileType = sourcecode.c.objc; path = FMDatabasePool.m; sourceTree = "<group>"; };
		55D4C70D1C54CD05004EEC64 /* FMDatabaseQueue.h */ = {isa = PBXFileReference; fileEncoding = 4; lastKnownFileType = sourcecode.c.h; path = FMDatabaseQueue.h; sourceTree = "<group>"; };
		55D4C70E1C54CD05004EEC64 /* FMDatabaseQueue.m */ = {isa = PBXFileReference; fileEncoding = 4; lastKnownFileType = sourcecode.c.objc; path = FMDatabaseQueue.m; sourceTree = "<group>"; };
		55D4C70F1C54CD05004EEC64 /* FMDB.h */ = {isa = PBXFileReference; fileEncoding = 4; lastKnownFileType = sourcecode.c.h; path = FMDB.h; sourceTree = "<group>"; };
		55D4C7101C54CD05004EEC64 /* FMResultSet.h */ = {isa = PBXFileReference; fileEncoding = 4; lastKnownFileType = sourcecode.c.h; path = FMResultSet.h; sourceTree = "<group>"; };
		55D4C7111C54CD05004EEC64 /* FMResultSet.m */ = {isa = PBXFileReference; fileEncoding = 4; lastKnownFileType = sourcecode.c.objc; path = FMResultSet.m; sourceTree = "<group>"; };
		55D4C7121C54CD05004EEC64 /* Info.plist */ = {isa = PBXFileReference; fileEncoding = 4; lastKnownFileType = text.plist.xml; path = Info.plist; sourceTree = "<group>"; };
		55EA48A41C5D098800B00080 /* UIView+Toast.h */ = {isa = PBXFileReference; fileEncoding = 4; lastKnownFileType = sourcecode.c.h; name = "UIView+Toast.h"; path = "MyAlert/UIView+Toast.h"; sourceTree = SOURCE_ROOT; };
		55EA48A51C5D098800B00080 /* UIView+Toast.m */ = {isa = PBXFileReference; fileEncoding = 4; lastKnownFileType = sourcecode.c.objc; name = "UIView+Toast.m"; path = "MyAlert/UIView+Toast.m"; sourceTree = SOURCE_ROOT; };
		55EA48AC1C5D0F4200B00080 /* fail@2x.jpg */ = {isa = PBXFileReference; lastKnownFileType = image.jpeg; path = "fail@2x.jpg"; sourceTree = "<group>"; };
		55EA48AE1C5D0F4200B00080 /* sucess@2x.jpg */ = {isa = PBXFileReference; lastKnownFileType = image.jpeg; path = "sucess@2x.jpg"; sourceTree = "<group>"; };
		55EA48B41C5D110600B00080 /* home@2x.png */ = {isa = PBXFileReference; lastKnownFileType = image.png; path = "home@2x.png"; sourceTree = "<group>"; };
		55EA48B61C5D115600B00080 /* home@2x.jpg */ = {isa = PBXFileReference; lastKnownFileType = image.jpeg; path = "home@2x.jpg"; sourceTree = "<group>"; };
		55EA48B81C5D13D200B00080 /* AudioToolbox.framework */ = {isa = PBXFileReference; lastKnownFileType = wrapper.framework; name = AudioToolbox.framework; path = System/Library/Frameworks/AudioToolbox.framework; sourceTree = SDKROOT; };
		55EA48BA1C5D13F700B00080 /* AppUtility.h */ = {isa = PBXFileReference; fileEncoding = 4; lastKnownFileType = sourcecode.c.h; path = AppUtility.h; sourceTree = "<group>"; };
		55EA48BB1C5D13F700B00080 /* AppUtility.m */ = {isa = PBXFileReference; fileEncoding = 4; lastKnownFileType = sourcecode.c.objc; path = AppUtility.m; sourceTree = "<group>"; };
		CE69E8681C5F196500A730BE /* Stations.csv */ = {isa = PBXFileReference; fileEncoding = 4; lastKnownFileType = text; path = Stations.csv; sourceTree = "<group>"; };
		CE69E86A1C5F197500A730BE /* station.db */ = {isa = PBXFileReference; lastKnownFileType = file; path = station.db; sourceTree = "<group>"; };
		CE6F0F961C4F5AC200D69EF1 /* MyAlert.app */ = {isa = PBXFileReference; explicitFileType = wrapper.application; includeInIndex = 0; path = MyAlert.app; sourceTree = BUILT_PRODUCTS_DIR; };
		CE6F0F9A1C4F5AC200D69EF1 /* main.m */ = {isa = PBXFileReference; lastKnownFileType = sourcecode.c.objc; path = main.m; sourceTree = "<group>"; };
		CE6F0F9C1C4F5AC200D69EF1 /* AppDelegate.h */ = {isa = PBXFileReference; lastKnownFileType = sourcecode.c.h; path = AppDelegate.h; sourceTree = "<group>"; };
		CE6F0F9D1C4F5AC200D69EF1 /* AppDelegate.m */ = {isa = PBXFileReference; lastKnownFileType = sourcecode.c.objc; path = AppDelegate.m; sourceTree = "<group>"; };
		CE6F0F9F1C4F5AC200D69EF1 /* SearchViewController.h */ = {isa = PBXFileReference; lastKnownFileType = sourcecode.c.h; path = SearchViewController.h; sourceTree = "<group>"; };
		CE6F0FA01C4F5AC200D69EF1 /* SearchViewController.m */ = {isa = PBXFileReference; lastKnownFileType = sourcecode.c.objc; path = SearchViewController.m; sourceTree = "<group>"; };
		CE6F0FA51C4F5AC200D69EF1 /* Assets.xcassets */ = {isa = PBXFileReference; lastKnownFileType = folder.assetcatalog; name = Assets.xcassets; path = MyAlert/Assets.xcassets; sourceTree = "<group>"; };
		CE6F0FAA1C4F5AC200D69EF1 /* Info.plist */ = {isa = PBXFileReference; lastKnownFileType = text.plist.xml; name = Info.plist; path = MyAlert/Info.plist; sourceTree = "<group>"; };
		CE6FF8FA1C5B66B000708998 /* AppConstants.h */ = {isa = PBXFileReference; fileEncoding = 4; lastKnownFileType = sourcecode.c.h; path = AppConstants.h; sourceTree = "<group>"; };
		CE6FF8FB1C5B66B000708998 /* AppConstants.m */ = {isa = PBXFileReference; fileEncoding = 4; lastKnownFileType = sourcecode.c.objc; path = AppConstants.m; sourceTree = "<group>"; };
		CE784F511C59F6FC006F7F1C /* CoreLocation.framework */ = {isa = PBXFileReference; lastKnownFileType = wrapper.framework; name = CoreLocation.framework; path = System/Library/Frameworks/CoreLocation.framework; sourceTree = SDKROOT; };
		CE784F551C5A190C006F7F1C /* StationViewController.h */ = {isa = PBXFileReference; fileEncoding = 4; lastKnownFileType = sourcecode.c.h; path = StationViewController.h; sourceTree = "<group>"; };
		CE784F561C5A190C006F7F1C /* StationViewController.m */ = {isa = PBXFileReference; fileEncoding = 4; lastKnownFileType = sourcecode.c.objc; path = StationViewController.m; sourceTree = "<group>"; };
		CE784F591C5A1CD2006F7F1C /* StationCell.h */ = {isa = PBXFileReference; fileEncoding = 4; lastKnownFileType = sourcecode.c.h; path = StationCell.h; sourceTree = "<group>"; };
		CE784F5A1C5A1CD2006F7F1C /* StationCell.m */ = {isa = PBXFileReference; fileEncoding = 4; lastKnownFileType = sourcecode.c.objc; path = StationCell.m; sourceTree = "<group>"; };
/* End PBXFileReference section */

/* Begin PBXFrameworksBuildPhase section */
		CE6F0F931C4F5AC200D69EF1 /* Frameworks */ = {
			isa = PBXFrameworksBuildPhase;
			buildActionMask = 2147483647;
			files = (
				558A1FE91C5E422600757644 /* Accelerate.framework in Frameworks */,
				55EA48B91C5D13D200B00080 /* AudioToolbox.framework in Frameworks */,
				CE784F521C59F6FC006F7F1C /* CoreLocation.framework in Frameworks */,
				558A1FE71C5DBD9000757644 /* MapKit.framework in Frameworks */,
				55D4C7051C54CCBB004EEC64 /* libsqlite3.tbd in Frameworks */,
			);
			runOnlyForDeploymentPostprocessing = 0;
		};
/* End PBXFrameworksBuildPhase section */

/* Begin PBXGroup section */
		5506E9E21C527B6300F1E7B6 /* MLPAutoCompleteTextField */ = {
			isa = PBXGroup;
			children = (
				5506E9E31C527B6300F1E7B6 /* MLPAutoCompleteTextField.h */,
				5506E9E41C527B6300F1E7B6 /* MLPAutoCompleteTextField.m */,
				5506E9E51C527B6300F1E7B6 /* MLPAutoCompleteTextFieldDataSource.h */,
				5506E9E61C527B6300F1E7B6 /* MLPAutoCompleteTextFieldDelegate.h */,
				5506E9E71C527B6300F1E7B6 /* MLPAutoCompletionObject.h */,
				5506E9E81C527B6300F1E7B6 /* NSString+Levenshtein.h */,
				5506E9E91C527B6300F1E7B6 /* NSString+Levenshtein.m */,
			);
			path = MLPAutoCompleteTextField;
			sourceTree = "<group>";
		};
		552AC9B61C53147000843EFA /* Datasource */ = {
			isa = PBXGroup;
			children = (
				552AC9BA1C5315BD00843EFA /* station.plist */,
				552AC9B71C5314A000843EFA /* DataSource.h */,
				552AC9B81C5314A000843EFA /* DataSource.m */,
			);
			name = Datasource;
			sourceTree = "<group>";
		};
		558A1FEA1C5E468D00757644 /* JCAlertView */ = {
			isa = PBXGroup;
			children = (
				558A1FEB1C5E468D00757644 /* JCAlertView.bundle */,
				558A1FEC1C5E468D00757644 /* JCAlertView.h */,
				558A1FED1C5E468D00757644 /* JCAlertView.m */,
			);
			path = JCAlertView;
			sourceTree = "<group>";
		};
		55D4C7001C54C702004EEC64 /* DBManager */ = {
			isa = PBXGroup;
			children = (
				55D4C7011C54C718004EEC64 /* DBManager.h */,
				55D4C7021C54C718004EEC64 /* DBManager.m */,
			);
			name = DBManager;
			sourceTree = "<group>";
		};
		55D4C7061C54CD05004EEC64 /* fmdb */ = {
			isa = PBXGroup;
			children = (
				55D4C7071C54CD05004EEC64 /* FMDatabase.h */,
				55D4C7081C54CD05004EEC64 /* FMDatabase.m */,
				55D4C7091C54CD05004EEC64 /* FMDatabaseAdditions.h */,
				55D4C70A1C54CD05004EEC64 /* FMDatabaseAdditions.m */,
				55D4C70B1C54CD05004EEC64 /* FMDatabasePool.h */,
				55D4C70C1C54CD05004EEC64 /* FMDatabasePool.m */,
				55D4C70D1C54CD05004EEC64 /* FMDatabaseQueue.h */,
				55D4C70E1C54CD05004EEC64 /* FMDatabaseQueue.m */,
				55D4C70F1C54CD05004EEC64 /* FMDB.h */,
				55D4C7101C54CD05004EEC64 /* FMResultSet.h */,
				55D4C7111C54CD05004EEC64 /* FMResultSet.m */,
				55D4C7121C54CD05004EEC64 /* Info.plist */,
			);
			path = fmdb;
			sourceTree = "<group>";
		};
		CE6F0F8D1C4F5AC200D69EF1 = {
			isa = PBXGroup;
			children = (
				558A1FE81C5E422600757644 /* Accelerate.framework */,
				558A1FE61C5DBD9000757644 /* MapKit.framework */,
				55EA48B81C5D13D200B00080 /* AudioToolbox.framework */,
				CE784F511C59F6FC006F7F1C /* CoreLocation.framework */,
				55D4C7041C54CCBB004EEC64 /* libsqlite3.tbd */,
				CE6F0FA51C4F5AC200D69EF1 /* Assets.xcassets */,
				CE6F0FAA1C4F5AC200D69EF1 /* Info.plist */,
				CE6F0F981C4F5AC200D69EF1 /* MyAlert */,
				CE6F0F971C4F5AC200D69EF1 /* Products */,
			);
			sourceTree = "<group>";
		};
		CE6F0F971C4F5AC200D69EF1 /* Products */ = {
			isa = PBXGroup;
			children = (
				CE6F0F961C4F5AC200D69EF1 /* MyAlert.app */,
			);
			name = Products;
			sourceTree = "<group>";
		};
		CE6F0F981C4F5AC200D69EF1 /* MyAlert */ = {
			isa = PBXGroup;
			children = (
				558A1FEA1C5E468D00757644 /* JCAlertView */,
				CE6FF8FD1C5B6E7D00708998 /* Toast */,
				CE6FF8F91C5B669800708998 /* Utility */,
				CE784F581C5A1CBA006F7F1C /* Cell */,
				552AC9B61C53147000843EFA /* Datasource */,
				55D4C7001C54C702004EEC64 /* DBManager */,
				55D4C7061C54CD05004EEC64 /* fmdb */,
				CE6F0FBA1C4F77DB00D69EF1 /* image */,
				5506E9E21C527B6300F1E7B6 /* MLPAutoCompleteTextField */,
				CE6F0F9C1C4F5AC200D69EF1 /* AppDelegate.h */,
				CE6F0F9D1C4F5AC200D69EF1 /* AppDelegate.m */,
				CE784F551C5A190C006F7F1C /* StationViewController.h */,
				CE784F561C5A190C006F7F1C /* StationViewController.m */,
				CE6F0F9F1C4F5AC200D69EF1 /* SearchViewController.h */,
				CE6F0FA01C4F5AC200D69EF1 /* SearchViewController.m */,
				CE6F0F991C4F5AC200D69EF1 /* Supporting Files */,
			);
			path = MyAlert;
			sourceTree = "<group>";
		};
		CE6F0F991C4F5AC200D69EF1 /* Supporting Files */ = {
			isa = PBXGroup;
			children = (
				CE69E86A1C5F197500A730BE /* station.db */,
				CE69E8681C5F196500A730BE /* Stations.csv */,
				CE6F0F9A1C4F5AC200D69EF1 /* main.m */,
			);
			name = "Supporting Files";
			sourceTree = "<group>";
		};
		CE6F0FBA1C4F77DB00D69EF1 /* image */ = {
			isa = PBXGroup;
			children = (
				55EA48B61C5D115600B00080 /* home@2x.jpg */,
				55EA48B41C5D110600B00080 /* home@2x.png */,
				55EA48AC1C5D0F4200B00080 /* fail@2x.jpg */,
				55EA48AE1C5D0F4200B00080 /* sucess@2x.jpg */,
				55D4C6FE1C54C0F6004EEC64 /* btn_search@2x.png */,
			);
			path = image;
			sourceTree = "<group>";
		};
		CE6FF8F91C5B669800708998 /* Utility */ = {
			isa = PBXGroup;
			children = (
				CE6FF8FA1C5B66B000708998 /* AppConstants.h */,
				CE6FF8FB1C5B66B000708998 /* AppConstants.m */,
				55EA48BA1C5D13F700B00080 /* AppUtility.h */,
				55EA48BB1C5D13F700B00080 /* AppUtility.m */,
			);
			name = Utility;
			sourceTree = "<group>";
		};
		CE6FF8FD1C5B6E7D00708998 /* Toast */ = {
			isa = PBXGroup;
			children = (
				55EA48A41C5D098800B00080 /* UIView+Toast.h */,
				55EA48A51C5D098800B00080 /* UIView+Toast.m */,
			);
			path = Toast;
			sourceTree = "<group>";
		};
		CE784F581C5A1CBA006F7F1C /* Cell */ = {
			isa = PBXGroup;
			children = (
				CE784F591C5A1CD2006F7F1C /* StationCell.h */,
				CE784F5A1C5A1CD2006F7F1C /* StationCell.m */,
			);
			name = Cell;
			sourceTree = "<group>";
		};
/* End PBXGroup section */

/* Begin PBXNativeTarget section */
		CE6F0F951C4F5AC200D69EF1 /* MyAlert */ = {
			isa = PBXNativeTarget;
			buildConfigurationList = CE6F0FAD1C4F5AC200D69EF1 /* Build configuration list for PBXNativeTarget "MyAlert" */;
			buildPhases = (
				CE6F0F921C4F5AC200D69EF1 /* Sources */,
				CE6F0F931C4F5AC200D69EF1 /* Frameworks */,
				CE6F0F941C4F5AC200D69EF1 /* Resources */,
			);
			buildRules = (
			);
			dependencies = (
			);
			name = MyAlert;
			productName = MyAlert;
			productReference = CE6F0F961C4F5AC200D69EF1 /* MyAlert.app */;
			productType = "com.apple.product-type.application";
		};
/* End PBXNativeTarget section */

/* Begin PBXProject section */
		CE6F0F8E1C4F5AC200D69EF1 /* Project object */ = {
			isa = PBXProject;
			attributes = {
				LastUpgradeCheck = 0720;
				ORGANIZATIONNAME = user;
				TargetAttributes = {
					CE6F0F951C4F5AC200D69EF1 = {
						CreatedOnToolsVersion = 7.2;
						DevelopmentTeam = 2K794A54P5;
						SystemCapabilities = {
							com.apple.BackgroundModes = {
								enabled = 1;
							};
							com.apple.Maps.iOS = {
								enabled = 1;
							};
						};
					};
				};
			};
			buildConfigurationList = CE6F0F911C4F5AC200D69EF1 /* Build configuration list for PBXProject "MyAlert" */;
			compatibilityVersion = "Xcode 3.2";
			developmentRegion = English;
			hasScannedForEncodings = 0;
			knownRegions = (
				en,
				Base,
			);
			mainGroup = CE6F0F8D1C4F5AC200D69EF1;
			productRefGroup = CE6F0F971C4F5AC200D69EF1 /* Products */;
			projectDirPath = "";
			projectRoot = "";
			targets = (
				CE6F0F951C4F5AC200D69EF1 /* MyAlert */,
			);
		};
/* End PBXProject section */

/* Begin PBXResourcesBuildPhase section */
		CE6F0F941C4F5AC200D69EF1 /* Resources */ = {
			isa = PBXResourcesBuildPhase;
			buildActionMask = 2147483647;
			files = (
				558A1FEE1C5E468D00757644 /* JCAlertView.bundle in Resources */,
				CE6F0FA61C4F5AC200D69EF1 /* Assets.xcassets in Resources */,
				55EA48B11C5D0F4200B00080 /* sucess@2x.jpg in Resources */,
				CE69E86B1C5F197500A730BE /* station.db in Resources */,
				55EA48AF1C5D0F4200B00080 /* fail@2x.jpg in Resources */,
				55D4C6FF1C54C0F6004EEC64 /* btn_search@2x.png in Resources */,
				55EA48B71C5D115600B00080 /* home@2x.jpg in Resources */,
				55D4C7181C54CD05004EEC64 /* Info.plist in Resources */,
				552AC9BB1C5315BD00843EFA /* station.plist in Resources */,
				55EA48B51C5D110600B00080 /* home@2x.png in Resources */,
				CE69E8691C5F196500A730BE /* Stations.csv in Resources */,
			);
			runOnlyForDeploymentPostprocessing = 0;
		};
/* End PBXResourcesBuildPhase section */

/* Begin PBXSourcesBuildPhase section */
		CE6F0F921C4F5AC200D69EF1 /* Sources */ = {
			isa = PBXSourcesBuildPhase;
			buildActionMask = 2147483647;
			files = (
				55D4C7191C550489004EEC64 /* main.m in Sources */,
				55D4C7031C54C718004EEC64 /* DBManager.m in Sources */,
				55EA48BC1C5D13F700B00080 /* AppUtility.m in Sources */,
				CE6F0FA11C4F5AC200D69EF1 /* SearchViewController.m in Sources */,
				5506E9EB1C527B6300F1E7B6 /* NSString+Levenshtein.m in Sources */,
				552AC9B91C5314A000843EFA /* DataSource.m in Sources */,
				5506E9EA1C527B6300F1E7B6 /* MLPAutoCompleteTextField.m in Sources */,
				55D4C7141C54CD05004EEC64 /* FMDatabaseAdditions.m in Sources */,
				55D4C7171C54CD05004EEC64 /* FMResultSet.m in Sources */,
				55EA48A61C5D098800B00080 /* UIView+Toast.m in Sources */,
				CE784F571C5A190C006F7F1C /* StationViewController.m in Sources */,
				CE6FF8FC1C5B66B000708998 /* AppConstants.m in Sources */,
				CE6F0F9E1C4F5AC200D69EF1 /* AppDelegate.m in Sources */,
				55D4C7151C54CD05004EEC64 /* FMDatabasePool.m in Sources */,
				55D4C7161C54CD05004EEC64 /* FMDatabaseQueue.m in Sources */,
				CE784F5B1C5A1CD2006F7F1C /* StationCell.m in Sources */,
				558A1FEF1C5E468D00757644 /* JCAlertView.m in Sources */,
				55D4C7131C54CD05004EEC64 /* FMDatabase.m in Sources */,
			);
			runOnlyForDeploymentPostprocessing = 0;
		};
/* End PBXSourcesBuildPhase section */

/* Begin XCBuildConfiguration section */
		CE6F0FAB1C4F5AC200D69EF1 /* Debug */ = {
			isa = XCBuildConfiguration;
			buildSettings = {
				ALWAYS_SEARCH_USER_PATHS = NO;
				CLANG_CXX_LANGUAGE_STANDARD = "gnu++0x";
				CLANG_CXX_LIBRARY = "libc++";
				CLANG_ENABLE_MODULES = YES;
				CLANG_ENABLE_OBJC_ARC = YES;
				CLANG_WARN_BOOL_CONVERSION = YES;
				CLANG_WARN_CONSTANT_CONVERSION = YES;
				CLANG_WARN_DIRECT_OBJC_ISA_USAGE = YES_ERROR;
				CLANG_WARN_EMPTY_BODY = YES;
				CLANG_WARN_ENUM_CONVERSION = YES;
				CLANG_WARN_INT_CONVERSION = YES;
				CLANG_WARN_OBJC_ROOT_CLASS = YES_ERROR;
				CLANG_WARN_UNREACHABLE_CODE = YES;
				CLANG_WARN__DUPLICATE_METHOD_MATCH = YES;
				"CODE_SIGN_IDENTITY[sdk=iphoneos*]" = "iPhone Developer";
				COPY_PHASE_STRIP = NO;
				DEBUG_INFORMATION_FORMAT = dwarf;
				ENABLE_STRICT_OBJC_MSGSEND = YES;
				ENABLE_TESTABILITY = YES;
				GCC_C_LANGUAGE_STANDARD = gnu99;
				GCC_DYNAMIC_NO_PIC = NO;
				GCC_NO_COMMON_BLOCKS = YES;
				GCC_OPTIMIZATION_LEVEL = 0;
				GCC_PREPROCESSOR_DEFINITIONS = (
					"DEBUG=1",
					"$(inherited)",
				);
				GCC_WARN_64_TO_32_BIT_CONVERSION = YES;
				GCC_WARN_ABOUT_RETURN_TYPE = YES_ERROR;
				GCC_WARN_UNDECLARED_SELECTOR = YES;
				GCC_WARN_UNINITIALIZED_AUTOS = YES_AGGRESSIVE;
				GCC_WARN_UNUSED_FUNCTION = YES;
				GCC_WARN_UNUSED_VARIABLE = YES;
				IPHONEOS_DEPLOYMENT_TARGET = 9.2;
				MTL_ENABLE_DEBUG_INFO = YES;
				ONLY_ACTIVE_ARCH = YES;
				SDKROOT = iphoneos;
			};
			name = Debug;
		};
		CE6F0FAC1C4F5AC200D69EF1 /* Release */ = {
			isa = XCBuildConfiguration;
			buildSettings = {
				ALWAYS_SEARCH_USER_PATHS = NO;
				CLANG_CXX_LANGUAGE_STANDARD = "gnu++0x";
				CLANG_CXX_LIBRARY = "libc++";
				CLANG_ENABLE_MODULES = YES;
				CLANG_ENABLE_OBJC_ARC = YES;
				CLANG_WARN_BOOL_CONVERSION = YES;
				CLANG_WARN_CONSTANT_CONVERSION = YES;
				CLANG_WARN_DIRECT_OBJC_ISA_USAGE = YES_ERROR;
				CLANG_WARN_EMPTY_BODY = YES;
				CLANG_WARN_ENUM_CONVERSION = YES;
				CLANG_WARN_INT_CONVERSION = YES;
				CLANG_WARN_OBJC_ROOT_CLASS = YES_ERROR;
				CLANG_WARN_UNREACHABLE_CODE = YES;
				CLANG_WARN__DUPLICATE_METHOD_MATCH = YES;
				"CODE_SIGN_IDENTITY[sdk=iphoneos*]" = "iPhone Developer";
				COPY_PHASE_STRIP = NO;
				DEBUG_INFORMATION_FORMAT = "dwarf-with-dsym";
				ENABLE_NS_ASSERTIONS = NO;
				ENABLE_STRICT_OBJC_MSGSEND = YES;
				GCC_C_LANGUAGE_STANDARD = gnu99;
				GCC_NO_COMMON_BLOCKS = YES;
				GCC_WARN_64_TO_32_BIT_CONVERSION = YES;
				GCC_WARN_ABOUT_RETURN_TYPE = YES_ERROR;
				GCC_WARN_UNDECLARED_SELECTOR = YES;
				GCC_WARN_UNINITIALIZED_AUTOS = YES_AGGRESSIVE;
				GCC_WARN_UNUSED_FUNCTION = YES;
				GCC_WARN_UNUSED_VARIABLE = YES;
				IPHONEOS_DEPLOYMENT_TARGET = 9.2;
				MTL_ENABLE_DEBUG_INFO = NO;
				SDKROOT = iphoneos;
				VALIDATE_PRODUCT = YES;
			};
			name = Release;
		};
		CE6F0FAE1C4F5AC200D69EF1 /* Debug */ = {
			isa = XCBuildConfiguration;
			buildSettings = {
				ASSETCATALOG_COMPILER_APPICON_NAME = AppIcon;
				CODE_SIGN_IDENTITY = "iPhone Developer";
				"CODE_SIGN_IDENTITY[sdk=iphoneos*]" = "iPhone Developer";
				INFOPLIST_FILE = MyAlert/Info.plist;
				IPHONEOS_DEPLOYMENT_TARGET = 8.0;
				LD_RUNPATH_SEARCH_PATHS = "$(inherited) @executable_path/Frameworks";
				PRODUCT_BUNDLE_IDENTIFIER = uluru.MyAlert;
				PRODUCT_NAME = "$(TARGET_NAME)";
				PROVISIONING_PROFILE = "";
			};
			name = Debug;
		};
		CE6F0FAF1C4F5AC200D69EF1 /* Release */ = {
			isa = XCBuildConfiguration;
			buildSettings = {
				ASSETCATALOG_COMPILER_APPICON_NAME = AppIcon;
				CODE_SIGN_IDENTITY = "iPhone Developer";
				"CODE_SIGN_IDENTITY[sdk=iphoneos*]" = "iPhone Developer";
				INFOPLIST_FILE = MyAlert/Info.plist;
				IPHONEOS_DEPLOYMENT_TARGET = 8.0;
				LD_RUNPATH_SEARCH_PATHS = "$(inherited) @executable_path/Frameworks";
				PRODUCT_BUNDLE_IDENTIFIER = uluru.MyAlert;
				PRODUCT_NAME = "$(TARGET_NAME)";
				PROVISIONING_PROFILE = "";
			};
			name = Release;
		};
/* End XCBuildConfiguration section */

/* Begin XCConfigurationList section */
		CE6F0F911C4F5AC200D69EF1 /* Build configuration list for PBXProject "MyAlert" */ = {
			isa = XCConfigurationList;
			buildConfigurations = (
				CE6F0FAB1C4F5AC200D69EF1 /* Debug */,
				CE6F0FAC1C4F5AC200D69EF1 /* Release */,
			);
			defaultConfigurationIsVisible = 0;
			defaultConfigurationName = Release;
		};
		CE6F0FAD1C4F5AC200D69EF1 /* Build configuration list for PBXNativeTarget "MyAlert" */ = {
			isa = XCConfigurationList;
			buildConfigurations = (
				CE6F0FAE1C4F5AC200D69EF1 /* Debug */,
				CE6F0FAF1C4F5AC200D69EF1 /* Release */,
			);
			defaultConfigurationIsVisible = 0;
			defaultConfigurationName = Release;
		};
/* End XCConfigurationList section */
	};
	rootObject = CE6F0F8E1C4F5AC200D69EF1 /* Project object */;
}
